
Microsoft Visual Studio Solution File, Format Version 12.00
# Visual Studio Version 17
VisualStudioVersion = 17.5.002.0
MinimumVisualStudioVersion = 10.0.40219.1
Project("{9A19103F-16F7-4668-BE54-9A1E7A4F7556}") = "apidotnet", "apidotnet.csproj", "{67C0AE4F-229E-4B57-BD06-9FFBE6971DA7}"
EndProject
Global
	GlobalSection(SolutionConfigurationPlatforms) = preSolution
		Debug|Any CPU = Debug|Any CPU
		Release|Any CPU = Release|Any CPU
	EndGlobalSection
	GlobalSection(ProjectConfigurationPlatforms) = postSolution
		{67C0AE4F-229E-4B57-BD06-9FFBE6971DA7}.Debug|Any CPU.ActiveCfg = Debug|Any CPU
		{67C0AE4F-229E-4B57-BD06-9FFBE6971DA7}.Debug|Any CPU.Build.0 = Debug|Any CPU
		{67C0AE4F-229E-4B57-BD06-9FFBE6971DA7}.Release|Any CPU.ActiveCfg = Release|Any CPU
		{67C0AE4F-229E-4B57-BD06-9FFBE6971DA7}.Release|Any CPU.Build.0 = Release|Any CPU
	EndGlobalSection
	GlobalSection(SolutionProperties) = preSolution
		HideSolutionNode = FALSE
	EndGlobalSection
	GlobalSection(ExtensibilityGlobals) = postSolution
		SolutionGuid = {E158BD2F-9BA3-4B9E-A08E-018C6F303B92}
	EndGlobalSection
EndGlobal
